
Microsoft Visual Studio Solution File, Format Version 12.00
# Visual Studio Version 16
VisualStudioVersion = 16.0.31205.134
MinimumVisualStudioVersion = 10.0.40219.1
Project("{9A19103F-16F7-4668-BE54-9A1E7A4F7556}") = "CommanderGQL", "CommanderGQL.csproj", "{5BB4A65D-5203-4765-9DC7-2CD3D9B09FAD}"
EndProject
Global
	GlobalSection(SolutionConfigurationPlatforms) = preSolution
		Debug|Any CPU = Debug|Any CPU
		Release|Any CPU = Release|Any CPU
	EndGlobalSection
	GlobalSection(ProjectConfigurationPlatforms) = postSolution
		{5BB4A65D-5203-4765-9DC7-2CD3D9B09FAD}.Debug|Any CPU.ActiveCfg = Debug|Any CPU
		{5BB4A65D-5203-4765-9DC7-2CD3D9B09FAD}.Debug|Any CPU.Build.0 = Debug|Any CPU
		{5BB4A65D-5203-4765-9DC7-2CD3D9B09FAD}.Release|Any CPU.ActiveCfg = Release|Any CPU
		{5BB4A65D-5203-4765-9DC7-2CD3D9B09FAD}.Release|Any CPU.Build.0 = Release|Any CPU
	EndGlobalSection
	GlobalSection(SolutionProperties) = preSolution
		HideSolutionNode = FALSE
	EndGlobalSection
	GlobalSection(ExtensibilityGlobals) = postSolution
		SolutionGuid = {BE0B8B97-8FAB-4DF4-B9D7-1D17A9042CB9}
	EndGlobalSection
EndGlobal
